
Microsoft Visual Studio Solution File, Format Version 12.00
# Visual Studio Version 16
VisualStudioVersion = 16.0.31229.75
MinimumVisualStudioVersion = 10.0.40219.1
Project("{FAE04EC0-301F-11D3-BF4B-00C04F79EFBC}") = "FlightPlanner.Core", "..\FlightPlanner.Core\FlightPlanner.Core.csproj", "{651208D6-BC4C-4AE9-8474-34D50A77858C}"
EndProject
Project("{FAE04EC0-301F-11D3-BF4B-00C04F79EFBC}") = "FlightPlanner.Services", "..\FlightPlanner.Services\FlightPlanner.Services.csproj", "{B9559367-1428-4B25-9BAA-13E4AD981485}"
EndProject
Project("{FAE04EC0-301F-11D3-BF4B-00C04F79EFBC}") = "FlightPlanner.Data", "..\FlightPlanner.Data\FlightPlanner.Data.csproj", "{FEDA94A5-5E1C-4460-85D9-50025E779AC2}"
EndProject
Project("{FAE04EC0-301F-11D3-BF4B-00C04F79EFBC}") = "FlightPlannerApi", "..\FlightPlannerApi\FlightPlannerApi.csproj", "{FE80DD1C-14C7-430D-96DB-2881E32A9A28}"
EndProject
Global
	GlobalSection(SolutionConfigurationPlatforms) = preSolution
		Debug|Any CPU = Debug|Any CPU
		Release|Any CPU = Release|Any CPU
	EndGlobalSection
	GlobalSection(ProjectConfigurationPlatforms) = postSolution
		{651208D6-BC4C-4AE9-8474-34D50A77858C}.Debug|Any CPU.ActiveCfg = Debug|Any CPU
		{651208D6-BC4C-4AE9-8474-34D50A77858C}.Debug|Any CPU.Build.0 = Debug|Any CPU
		{651208D6-BC4C-4AE9-8474-34D50A77858C}.Release|Any CPU.ActiveCfg = Release|Any CPU
		{651208D6-BC4C-4AE9-8474-34D50A77858C}.Release|Any CPU.Build.0 = Release|Any CPU
		{B9559367-1428-4B25-9BAA-13E4AD981485}.Debug|Any CPU.ActiveCfg = Debug|Any CPU
		{B9559367-1428-4B25-9BAA-13E4AD981485}.Debug|Any CPU.Build.0 = Debug|Any CPU
		{B9559367-1428-4B25-9BAA-13E4AD981485}.Release|Any CPU.ActiveCfg = Release|Any CPU
		{B9559367-1428-4B25-9BAA-13E4AD981485}.Release|Any CPU.Build.0 = Release|Any CPU
		{FEDA94A5-5E1C-4460-85D9-50025E779AC2}.Debug|Any CPU.ActiveCfg = Debug|Any CPU
		{FEDA94A5-5E1C-4460-85D9-50025E779AC2}.Debug|Any CPU.Build.0 = Debug|Any CPU
		{FEDA94A5-5E1C-4460-85D9-50025E779AC2}.Release|Any CPU.ActiveCfg = Release|Any CPU
		{FEDA94A5-5E1C-4460-85D9-50025E779AC2}.Release|Any CPU.Build.0 = Release|Any CPU
		{FE80DD1C-14C7-430D-96DB-2881E32A9A28}.Debug|Any CPU.ActiveCfg = Debug|Any CPU
		{FE80DD1C-14C7-430D-96DB-2881E32A9A28}.Debug|Any CPU.Build.0 = Debug|Any CPU
		{FE80DD1C-14C7-430D-96DB-2881E32A9A28}.Release|Any CPU.ActiveCfg = Release|Any CPU
		{FE80DD1C-14C7-430D-96DB-2881E32A9A28}.Release|Any CPU.Build.0 = Release|Any CPU
	EndGlobalSection
	GlobalSection(SolutionProperties) = preSolution
		HideSolutionNode = FALSE
	EndGlobalSection
	GlobalSection(ExtensibilityGlobals) = postSolution
		SolutionGuid = {A0344614-886A-44F9-894A-8EB62957D9CF}
	EndGlobalSection
EndGlobal
